// !$*UTF8*$!
{
	archiveVersion = 1;
	classes = {
	};
	objectVersion = 50;
	objects = {

/* Begin PBXBuildFile section */
		A47D8E3F20DBBED500E59783 /* AppDelegate.swift in Sources */ = {isa = PBXBuildFile; fileRef = A47D8E3E20DBBED500E59783 /* AppDelegate.swift */; };
		A47D8E4120DBBED500E59783 /* RecipeSearchViewController.swift in Sources */ = {isa = PBXBuildFile; fileRef = A47D8E4020DBBED500E59783 /* RecipeSearchViewController.swift */; };
		A47D8E4620DBBED700E59783 /* Assets.xcassets in Resources */ = {isa = PBXBuildFile; fileRef = A47D8E4520DBBED700E59783 /* Assets.xcassets */; };
		A47D8E4920DBBED700E59783 /* LaunchScreen.storyboard in Resources */ = {isa = PBXBuildFile; fileRef = A47D8E4720DBBED700E59783 /* LaunchScreen.storyboard */; };
		A47D8E5420DBBED700E59783 /* RecipesTests.swift in Sources */ = {isa = PBXBuildFile; fileRef = A47D8E5320DBBED700E59783 /* RecipesTests.swift */; };
		A47D8E5F20DBBED700E59783 /* RecipesUITests.swift in Sources */ = {isa = PBXBuildFile; fileRef = A47D8E5E20DBBED700E59783 /* RecipesUITests.swift */; };
		A47D8E7220DBC3E300E59783 /* String+Extensions.swift in Sources */ = {isa = PBXBuildFile; fileRef = A47D8E7120DBC3E300E59783 /* String+Extensions.swift */; };
		A47D8E7420DBDE0600E59783 /* RecipeSearchDataProvider.swift in Sources */ = {isa = PBXBuildFile; fileRef = A47D8E7320DBDE0600E59783 /* RecipeSearchDataProvider.swift */; };
		A47D8E7A20DBDE6E00E59783 /* APIResource.swift in Sources */ = {isa = PBXBuildFile; fileRef = A47D8E7620DBDE6E00E59783 /* APIResource.swift */; };
		A47D8E7B20DBDE6E00E59783 /* APIService.swift in Sources */ = {isa = PBXBuildFile; fileRef = A47D8E7720DBDE6E00E59783 /* APIService.swift */; };
		A47D8E7C20DBDE6F00E59783 /* HTTPMethod.swift in Sources */ = {isa = PBXBuildFile; fileRef = A47D8E7820DBDE6E00E59783 /* HTTPMethod.swift */; };
		A47D8E7D20DBDE6F00E59783 /* NetworkingError.swift in Sources */ = {isa = PBXBuildFile; fileRef = A47D8E7920DBDE6E00E59783 /* NetworkingError.swift */; };
		A47D8E8020DBE57600E59783 /* RecipePreview.swift in Sources */ = {isa = PBXBuildFile; fileRef = A47D8E7F20DBE57600E59783 /* RecipePreview.swift */; };
		A47D8E8220DBE64500E59783 /* RecipeDetail.swift in Sources */ = {isa = PBXBuildFile; fileRef = A47D8E8120DBE64500E59783 /* RecipeDetail.swift */; };
		A47D8E8720DCC2FE00E59783 /* RecipeSearchResponse.swift in Sources */ = {isa = PBXBuildFile; fileRef = A47D8E8620DCC2FE00E59783 /* RecipeSearchResponse.swift */; };
		A47D8E8920DCC32600E59783 /* RecipeDetailResponse.swift in Sources */ = {isa = PBXBuildFile; fileRef = A47D8E8820DCC32600E59783 /* RecipeDetailResponse.swift */; };
		A47D8E8B20DCD97D00E59783 /* URL+Recipes.swift in Sources */ = {isa = PBXBuildFile; fileRef = A47D8E8A20DCD97D00E59783 /* URL+Recipes.swift */; };
		A47D8E8E20DCDA0A00E59783 /* Constants.swift in Sources */ = {isa = PBXBuildFile; fileRef = A47D8E8D20DCDA0A00E59783 /* Constants.swift */; };
		A47D8E9520DCEC4300E59783 /* RecipeSearchCoordinator.swift in Sources */ = {isa = PBXBuildFile; fileRef = A47D8E9420DCEC4300E59783 /* RecipeSearchCoordinator.swift */; };
		A47D8E9720DE0FC800E59783 /* UIViewController+Extensions.swift in Sources */ = {isa = PBXBuildFile; fileRef = A47D8E9620DE0FC800E59783 /* UIViewController+Extensions.swift */; };
		A47D8E9920DE106900E59783 /* UIView+Extensions.swift in Sources */ = {isa = PBXBuildFile; fileRef = A47D8E9820DE106900E59783 /* UIView+Extensions.swift */; };
		A47D8E9C20DE163D00E59783 /* APIResource+Recipes.swift in Sources */ = {isa = PBXBuildFile; fileRef = A47D8E9B20DE163D00E59783 /* APIResource+Recipes.swift */; };
		A47D8E9E20DE219200E59783 /* RecipeDetailViewCotroller.swift in Sources */ = {isa = PBXBuildFile; fileRef = A47D8E9D20DE219200E59783 /* RecipeDetailViewCotroller.swift */; };
		A47D8EA020DE21C900E59783 /* RecipeDetailDataProvider.swift in Sources */ = {isa = PBXBuildFile; fileRef = A47D8E9F20DE21C900E59783 /* RecipeDetailDataProvider.swift */; };
		A47D8EA420DE408000E59783 /* RecipeHeaderView.swift in Sources */ = {isa = PBXBuildFile; fileRef = A47D8EA320DE408000E59783 /* RecipeHeaderView.swift */; };
		A47D8EA620DE409100E59783 /* RecipeFooterView.swift in Sources */ = {isa = PBXBuildFile; fileRef = A47D8EA520DE409100E59783 /* RecipeFooterView.swift */; };
		A47D8EAC20DE4AC400E59783 /* RecipeFooterView.xib in Resources */ = {isa = PBXBuildFile; fileRef = A47D8EAB20DE4AC400E59783 /* RecipeFooterView.xib */; };
		A47D8EAF20DE831B00E59783 /* SearchHeaderView.swift in Sources */ = {isa = PBXBuildFile; fileRef = A47D8EAE20DE831B00E59783 /* SearchHeaderView.swift */; };
		A47D8EB120DE967600E59783 /* RequestToken.swift in Sources */ = {isa = PBXBuildFile; fileRef = A47D8EB020DE967600E59783 /* RequestToken.swift */; };
/* End PBXBuildFile section */

/* Begin PBXContainerItemProxy section */
		A47D8E5020DBBED700E59783 /* PBXContainerItemProxy */ = {
			isa = PBXContainerItemProxy;
			containerPortal = A47D8E3320DBBED500E59783 /* Project object */;
			proxyType = 1;
			remoteGlobalIDString = A47D8E3A20DBBED500E59783;
			remoteInfo = Recipes;
		};
		A47D8E5B20DBBED700E59783 /* PBXContainerItemProxy */ = {
			isa = PBXContainerItemProxy;
			containerPortal = A47D8E3320DBBED500E59783 /* Project object */;
			proxyType = 1;
			remoteGlobalIDString = A47D8E3A20DBBED500E59783;
			remoteInfo = Recipes;
		};
/* End PBXContainerItemProxy section */

/* Begin PBXCopyFilesBuildPhase section */
		A47D8E9220DCE64500E59783 /* Embed Frameworks */ = {
			isa = PBXCopyFilesBuildPhase;
			buildActionMask = 2147483647;
			dstPath = "";
			dstSubfolderSpec = 10;
			files = (
			);
			name = "Embed Frameworks";
			runOnlyForDeploymentPostprocessing = 0;
		};
/* End PBXCopyFilesBuildPhase section */

/* Begin PBXFileReference section */
		A47D8E3B20DBBED500E59783 /* Recipes.app */ = {isa = PBXFileReference; explicitFileType = wrapper.application; includeInIndex = 0; path = Recipes.app; sourceTree = BUILT_PRODUCTS_DIR; };
		A47D8E3E20DBBED500E59783 /* AppDelegate.swift */ = {isa = PBXFileReference; lastKnownFileType = sourcecode.swift; path = AppDelegate.swift; sourceTree = "<group>"; };
		A47D8E4020DBBED500E59783 /* RecipeSearchViewController.swift */ = {isa = PBXFileReference; lastKnownFileType = sourcecode.swift; path = RecipeSearchViewController.swift; sourceTree = "<group>"; };
		A47D8E4520DBBED700E59783 /* Assets.xcassets */ = {isa = PBXFileReference; lastKnownFileType = folder.assetcatalog; path = Assets.xcassets; sourceTree = "<group>"; };
		A47D8E4820DBBED700E59783 /* Base */ = {isa = PBXFileReference; lastKnownFileType = file.storyboard; name = Base; path = Base.lproj/LaunchScreen.storyboard; sourceTree = "<group>"; };
		A47D8E4A20DBBED700E59783 /* Info.plist */ = {isa = PBXFileReference; lastKnownFileType = text.plist.xml; path = Info.plist; sourceTree = "<group>"; };
		A47D8E4F20DBBED700E59783 /* RecipesTests.xctest */ = {isa = PBXFileReference; explicitFileType = wrapper.cfbundle; includeInIndex = 0; path = RecipesTests.xctest; sourceTree = BUILT_PRODUCTS_DIR; };
		A47D8E5320DBBED700E59783 /* RecipesTests.swift */ = {isa = PBXFileReference; lastKnownFileType = sourcecode.swift; path = RecipesTests.swift; sourceTree = "<group>"; };
		A47D8E5520DBBED700E59783 /* Info.plist */ = {isa = PBXFileReference; lastKnownFileType = text.plist.xml; path = Info.plist; sourceTree = "<group>"; };
		A47D8E5A20DBBED700E59783 /* RecipesUITests.xctest */ = {isa = PBXFileReference; explicitFileType = wrapper.cfbundle; includeInIndex = 0; path = RecipesUITests.xctest; sourceTree = BUILT_PRODUCTS_DIR; };
		A47D8E5E20DBBED700E59783 /* RecipesUITests.swift */ = {isa = PBXFileReference; lastKnownFileType = sourcecode.swift; path = RecipesUITests.swift; sourceTree = "<group>"; };
		A47D8E6020DBBED700E59783 /* Info.plist */ = {isa = PBXFileReference; lastKnownFileType = text.plist.xml; path = Info.plist; sourceTree = "<group>"; };
		A47D8E7120DBC3E300E59783 /* String+Extensions.swift */ = {isa = PBXFileReference; lastKnownFileType = sourcecode.swift; path = "String+Extensions.swift"; sourceTree = "<group>"; };
		A47D8E7320DBDE0600E59783 /* RecipeSearchDataProvider.swift */ = {isa = PBXFileReference; lastKnownFileType = sourcecode.swift; path = RecipeSearchDataProvider.swift; sourceTree = "<group>"; };
		A47D8E7620DBDE6E00E59783 /* APIResource.swift */ = {isa = PBXFileReference; fileEncoding = 4; lastKnownFileType = sourcecode.swift; path = APIResource.swift; sourceTree = "<group>"; };
		A47D8E7720DBDE6E00E59783 /* APIService.swift */ = {isa = PBXFileReference; fileEncoding = 4; lastKnownFileType = sourcecode.swift; path = APIService.swift; sourceTree = "<group>"; };
		A47D8E7820DBDE6E00E59783 /* HTTPMethod.swift */ = {isa = PBXFileReference; fileEncoding = 4; lastKnownFileType = sourcecode.swift; path = HTTPMethod.swift; sourceTree = "<group>"; };
		A47D8E7920DBDE6E00E59783 /* NetworkingError.swift */ = {isa = PBXFileReference; fileEncoding = 4; lastKnownFileType = sourcecode.swift; path = NetworkingError.swift; sourceTree = "<group>"; };
		A47D8E7F20DBE57600E59783 /* RecipePreview.swift */ = {isa = PBXFileReference; lastKnownFileType = sourcecode.swift; path = RecipePreview.swift; sourceTree = "<group>"; };
		A47D8E8120DBE64500E59783 /* RecipeDetail.swift */ = {isa = PBXFileReference; lastKnownFileType = sourcecode.swift; path = RecipeDetail.swift; sourceTree = "<group>"; };
		A47D8E8620DCC2FE00E59783 /* RecipeSearchResponse.swift */ = {isa = PBXFileReference; lastKnownFileType = sourcecode.swift; path = RecipeSearchResponse.swift; sourceTree = "<group>"; };
		A47D8E8820DCC32600E59783 /* RecipeDetailResponse.swift */ = {isa = PBXFileReference; lastKnownFileType = sourcecode.swift; path = RecipeDetailResponse.swift; sourceTree = "<group>"; };
		A47D8E8A20DCD97D00E59783 /* URL+Recipes.swift */ = {isa = PBXFileReference; lastKnownFileType = sourcecode.swift; path = "URL+Recipes.swift"; sourceTree = "<group>"; };
		A47D8E8D20DCDA0A00E59783 /* Constants.swift */ = {isa = PBXFileReference; lastKnownFileType = sourcecode.swift; path = Constants.swift; sourceTree = "<group>"; };
		A47D8E9420DCEC4300E59783 /* RecipeSearchCoordinator.swift */ = {isa = PBXFileReference; lastKnownFileType = sourcecode.swift; path = RecipeSearchCoordinator.swift; sourceTree = "<group>"; };
		A47D8E9620DE0FC800E59783 /* UIViewController+Extensions.swift */ = {isa = PBXFileReference; lastKnownFileType = sourcecode.swift; path = "UIViewController+Extensions.swift"; sourceTree = "<group>"; };
		A47D8E9820DE106900E59783 /* UIView+Extensions.swift */ = {isa = PBXFileReference; lastKnownFileType = sourcecode.swift; path = "UIView+Extensions.swift"; sourceTree = "<group>"; };
		A47D8E9B20DE163D00E59783 /* APIResource+Recipes.swift */ = {isa = PBXFileReference; lastKnownFileType = sourcecode.swift; path = "APIResource+Recipes.swift"; sourceTree = "<group>"; };
		A47D8E9D20DE219200E59783 /* RecipeDetailViewCotroller.swift */ = {isa = PBXFileReference; lastKnownFileType = sourcecode.swift; path = RecipeDetailViewCotroller.swift; sourceTree = "<group>"; };
		A47D8E9F20DE21C900E59783 /* RecipeDetailDataProvider.swift */ = {isa = PBXFileReference; lastKnownFileType = sourcecode.swift; path = RecipeDetailDataProvider.swift; sourceTree = "<group>"; };
		A47D8EA320DE408000E59783 /* RecipeHeaderView.swift */ = {isa = PBXFileReference; lastKnownFileType = sourcecode.swift; path = RecipeHeaderView.swift; sourceTree = "<group>"; };
		A47D8EA520DE409100E59783 /* RecipeFooterView.swift */ = {isa = PBXFileReference; lastKnownFileType = sourcecode.swift; path = RecipeFooterView.swift; sourceTree = "<group>"; };
		A47D8EAB20DE4AC400E59783 /* RecipeFooterView.xib */ = {isa = PBXFileReference; lastKnownFileType = file.xib; path = RecipeFooterView.xib; sourceTree = "<group>"; };
		A47D8EAE20DE831B00E59783 /* SearchHeaderView.swift */ = {isa = PBXFileReference; lastKnownFileType = sourcecode.swift; path = SearchHeaderView.swift; sourceTree = "<group>"; };
		A47D8EB020DE967600E59783 /* RequestToken.swift */ = {isa = PBXFileReference; lastKnownFileType = sourcecode.swift; path = RequestToken.swift; sourceTree = "<group>"; };
/* End PBXFileReference section */

/* Begin PBXFrameworksBuildPhase section */
		A47D8E3820DBBED500E59783 /* Frameworks */ = {
			isa = PBXFrameworksBuildPhase;
			buildActionMask = 2147483647;
			files = (
			);
			runOnlyForDeploymentPostprocessing = 0;
		};
		A47D8E4C20DBBED700E59783 /* Frameworks */ = {
			isa = PBXFrameworksBuildPhase;
			buildActionMask = 2147483647;
			files = (
			);
			runOnlyForDeploymentPostprocessing = 0;
		};
		A47D8E5720DBBED700E59783 /* Frameworks */ = {
			isa = PBXFrameworksBuildPhase;
			buildActionMask = 2147483647;
			files = (
			);
			runOnlyForDeploymentPostprocessing = 0;
		};
/* End PBXFrameworksBuildPhase section */

/* Begin PBXGroup section */
		A47D8E3220DBBED500E59783 = {
			isa = PBXGroup;
			children = (
				A47D8E3D20DBBED500E59783 /* Recipes */,
				A47D8E5220DBBED700E59783 /* RecipesTests */,
				A47D8E5D20DBBED700E59783 /* RecipesUITests */,
				A47D8E3C20DBBED500E59783 /* Products */,
			);
			sourceTree = "<group>";
		};
		A47D8E3C20DBBED500E59783 /* Products */ = {
			isa = PBXGroup;
			children = (
				A47D8E3B20DBBED500E59783 /* Recipes.app */,
				A47D8E4F20DBBED700E59783 /* RecipesTests.xctest */,
				A47D8E5A20DBBED700E59783 /* RecipesUITests.xctest */,
			);
			name = Products;
			sourceTree = "<group>";
		};
		A47D8E3D20DBBED500E59783 /* Recipes */ = {
			isa = PBXGroup;
			children = (
				A47D8E3E20DBBED500E59783 /* AppDelegate.swift */,
				A47D8E9A20DE161700E59783 /* Recipe API */,
				A47D8E9320DCEC2E00E59783 /* Coordinators */,
				A47D8E8C20DCD9F800E59783 /* Constants */,
				A47D8E7E20DBE56500E59783 /* Models */,
				A47D8E7520DBDE5200E59783 /* Networking */,
				A47D8E7020DBC3CB00E59783 /* Extensions */,
				A47D8E6D20DBBF6400E59783 /* ViewControllers */,
				A47D8E6C20DBBF2C00E59783 /* Supporting files */,
			);
			path = Recipes;
			sourceTree = "<group>";
		};
		A47D8E5220DBBED700E59783 /* RecipesTests */ = {
			isa = PBXGroup;
			children = (
				A47D8E5320DBBED700E59783 /* RecipesTests.swift */,
				A47D8E5520DBBED700E59783 /* Info.plist */,
			);
			path = RecipesTests;
			sourceTree = "<group>";
		};
		A47D8E5D20DBBED700E59783 /* RecipesUITests */ = {
			isa = PBXGroup;
			children = (
				A47D8E5E20DBBED700E59783 /* RecipesUITests.swift */,
				A47D8E6020DBBED700E59783 /* Info.plist */,
			);
			path = RecipesUITests;
			sourceTree = "<group>";
		};
		A47D8E6C20DBBF2C00E59783 /* Supporting files */ = {
			isa = PBXGroup;
			children = (
				A47D8E4520DBBED700E59783 /* Assets.xcassets */,
				A47D8E4720DBBED700E59783 /* LaunchScreen.storyboard */,
				A47D8E4A20DBBED700E59783 /* Info.plist */,
			);
			path = "Supporting files";
			sourceTree = "<group>";
		};
		A47D8E6D20DBBF6400E59783 /* ViewControllers */ = {
			isa = PBXGroup;
			children = (
				A47D8E6E20DBC06200E59783 /* RecipeSearchViewController */,
				A47D8E6F20DBC08B00E59783 /* RecipeDetailViewController */,
			);
			path = ViewControllers;
			sourceTree = "<group>";
		};
		A47D8E6E20DBC06200E59783 /* RecipeSearchViewController */ = {
			isa = PBXGroup;
			children = (
				A47D8E7320DBDE0600E59783 /* RecipeSearchDataProvider.swift */,
				A47D8E4020DBBED500E59783 /* RecipeSearchViewController.swift */,
				A47D8EAD20DE82F000E59783 /* Header */,
			);
			path = RecipeSearchViewController;
			sourceTree = "<group>";
		};
		A47D8E6F20DBC08B00E59783 /* RecipeDetailViewController */ = {
			isa = PBXGroup;
			children = (
				A47D8E9F20DE21C900E59783 /* RecipeDetailDataProvider.swift */,
				A47D8E9D20DE219200E59783 /* RecipeDetailViewCotroller.swift */,
				A47D8EA720DE4A6800E59783 /* Header */,
				A47D8EA820DE4A7F00E59783 /* Footer */,
			);
			path = RecipeDetailViewController;
			sourceTree = "<group>";
		};
		A47D8E7020DBC3CB00E59783 /* Extensions */ = {
			isa = PBXGroup;
			children = (
				A47D8E7120DBC3E300E59783 /* String+Extensions.swift */,
				A47D8E9620DE0FC800E59783 /* UIViewController+Extensions.swift */,
				A47D8E9820DE106900E59783 /* UIView+Extensions.swift */,
			);
			path = Extensions;
			sourceTree = "<group>";
		};
		A47D8E7520DBDE5200E59783 /* Networking */ = {
			isa = PBXGroup;
			children = (
				A47D8E7820DBDE6E00E59783 /* HTTPMethod.swift */,
				A47D8E7620DBDE6E00E59783 /* APIResource.swift */,
				A47D8E7720DBDE6E00E59783 /* APIService.swift */,
				A47D8E7920DBDE6E00E59783 /* NetworkingError.swift */,
			);
			path = Networking;
			sourceTree = "<group>";
		};
		A47D8E7E20DBE56500E59783 /* Models */ = {
			isa = PBXGroup;
			children = (
				A47D8E7F20DBE57600E59783 /* RecipePreview.swift */,
				A47D8E8120DBE64500E59783 /* RecipeDetail.swift */,
				A47D8E8620DCC2FE00E59783 /* RecipeSearchResponse.swift */,
				A47D8E8820DCC32600E59783 /* RecipeDetailResponse.swift */,
			);
			path = Models;
			sourceTree = "<group>";
		};
		A47D8E8C20DCD9F800E59783 /* Constants */ = {
			isa = PBXGroup;
			children = (
				A47D8E8D20DCDA0A00E59783 /* Constants.swift */,
			);
			path = Constants;
			sourceTree = "<group>";
		};
		A47D8E9320DCEC2E00E59783 /* Coordinators */ = {
			isa = PBXGroup;
			children = (
				A47D8E9420DCEC4300E59783 /* RecipeSearchCoordinator.swift */,
			);
			path = Coordinators;
			sourceTree = "<group>";
		};
		A47D8E9A20DE161700E59783 /* Recipe API */ = {
			isa = PBXGroup;
			children = (
				A47D8E9B20DE163D00E59783 /* APIResource+Recipes.swift */,
				A47D8E8A20DCD97D00E59783 /* URL+Recipes.swift */,
				A47D8EB020DE967600E59783 /* RequestToken.swift */,
			);
			path = "Recipe API";
			sourceTree = "<group>";
		};
		A47D8EA720DE4A6800E59783 /* Header */ = {
			isa = PBXGroup;
			children = (
				A47D8EA320DE408000E59783 /* RecipeHeaderView.swift */,
			);
			path = Header;
			sourceTree = "<group>";
		};
		A47D8EA820DE4A7F00E59783 /* Footer */ = {
			isa = PBXGroup;
			children = (
				A47D8EA520DE409100E59783 /* RecipeFooterView.swift */,
				A47D8EAB20DE4AC400E59783 /* RecipeFooterView.xib */,
			);
			path = Footer;
			sourceTree = "<group>";
		};
		A47D8EAD20DE82F000E59783 /* Header */ = {
			isa = PBXGroup;
			children = (
				A47D8EAE20DE831B00E59783 /* SearchHeaderView.swift */,
			);
			path = Header;
			sourceTree = "<group>";
		};
/* End PBXGroup section */

/* Begin PBXNativeTarget section */
		A47D8E3A20DBBED500E59783 /* Recipes */ = {
			isa = PBXNativeTarget;
			buildConfigurationList = A47D8E6320DBBED700E59783 /* Build configuration list for PBXNativeTarget "Recipes" */;
			buildPhases = (
				A47D8E3720DBBED500E59783 /* Sources */,
				A47D8E3820DBBED500E59783 /* Frameworks */,
				A47D8E3920DBBED500E59783 /* Resources */,
				A47D8E9220DCE64500E59783 /* Embed Frameworks */,
			);
			buildRules = (
			);
			dependencies = (
			);
			name = Recipes;
			productName = Recipes;
			productReference = A47D8E3B20DBBED500E59783 /* Recipes.app */;
			productType = "com.apple.product-type.application";
		};
		A47D8E4E20DBBED700E59783 /* RecipesTests */ = {
			isa = PBXNativeTarget;
			buildConfigurationList = A47D8E6620DBBED700E59783 /* Build configuration list for PBXNativeTarget "RecipesTests" */;
			buildPhases = (
				A47D8E4B20DBBED700E59783 /* Sources */,
				A47D8E4C20DBBED700E59783 /* Frameworks */,
				A47D8E4D20DBBED700E59783 /* Resources */,
			);
			buildRules = (
			);
			dependencies = (
				A47D8E5120DBBED700E59783 /* PBXTargetDependency */,
			);
			name = RecipesTests;
			productName = RecipesTests;
			productReference = A47D8E4F20DBBED700E59783 /* RecipesTests.xctest */;
			productType = "com.apple.product-type.bundle.unit-test";
		};
		A47D8E5920DBBED700E59783 /* RecipesUITests */ = {
			isa = PBXNativeTarget;
			buildConfigurationList = A47D8E6920DBBED700E59783 /* Build configuration list for PBXNativeTarget "RecipesUITests" */;
			buildPhases = (
				A47D8E5620DBBED700E59783 /* Sources */,
				A47D8E5720DBBED700E59783 /* Frameworks */,
				A47D8E5820DBBED700E59783 /* Resources */,
			);
			buildRules = (
			);
			dependencies = (
				A47D8E5C20DBBED700E59783 /* PBXTargetDependency */,
			);
			name = RecipesUITests;
			productName = RecipesUITests;
			productReference = A47D8E5A20DBBED700E59783 /* RecipesUITests.xctest */;
			productType = "com.apple.product-type.bundle.ui-testing";
		};
/* End PBXNativeTarget section */

/* Begin PBXProject section */
		A47D8E3320DBBED500E59783 /* Project object */ = {
			isa = PBXProject;
			attributes = {
				LastSwiftUpdateCheck = 0940;
				LastUpgradeCheck = 0940;
				ORGANIZATIONNAME = Nan;
				TargetAttributes = {
					A47D8E3A20DBBED500E59783 = {
						CreatedOnToolsVersion = 9.4.1;
					};
					A47D8E4E20DBBED700E59783 = {
						CreatedOnToolsVersion = 9.4.1;
						TestTargetID = A47D8E3A20DBBED500E59783;
					};
					A47D8E5920DBBED700E59783 = {
						CreatedOnToolsVersion = 9.4.1;
						TestTargetID = A47D8E3A20DBBED500E59783;
					};
				};
			};
			buildConfigurationList = A47D8E3620DBBED500E59783 /* Build configuration list for PBXProject "Recipes" */;
			compatibilityVersion = "Xcode 9.3";
			developmentRegion = en;
			hasScannedForEncodings = 0;
			knownRegions = (
				en,
				Base,
			);
			mainGroup = A47D8E3220DBBED500E59783;
			productRefGroup = A47D8E3C20DBBED500E59783 /* Products */;
			projectDirPath = "";
			projectRoot = "";
			targets = (
				A47D8E3A20DBBED500E59783 /* Recipes */,
				A47D8E4E20DBBED700E59783 /* RecipesTests */,
				A47D8E5920DBBED700E59783 /* RecipesUITests */,
			);
		};
/* End PBXProject section */

/* Begin PBXResourcesBuildPhase section */
		A47D8E3920DBBED500E59783 /* Resources */ = {
			isa = PBXResourcesBuildPhase;
			buildActionMask = 2147483647;
			files = (
				A47D8E4920DBBED700E59783 /* LaunchScreen.storyboard in Resources */,
				A47D8EAC20DE4AC400E59783 /* RecipeFooterView.xib in Resources */,
				A47D8E4620DBBED700E59783 /* Assets.xcassets in Resources */,
			);
			runOnlyForDeploymentPostprocessing = 0;
		};
		A47D8E4D20DBBED700E59783 /* Resources */ = {
			isa = PBXResourcesBuildPhase;
			buildActionMask = 2147483647;
			files = (
			);
			runOnlyForDeploymentPostprocessing = 0;
		};
		A47D8E5820DBBED700E59783 /* Resources */ = {
			isa = PBXResourcesBuildPhase;
			buildActionMask = 2147483647;
			files = (
			);
			runOnlyForDeploymentPostprocessing = 0;
		};
/* End PBXResourcesBuildPhase section */

/* Begin PBXSourcesBuildPhase section */
		A47D8E3720DBBED500E59783 /* Sources */ = {
			isa = PBXSourcesBuildPhase;
			buildActionMask = 2147483647;
			files = (
				A47D8E7420DBDE0600E59783 /* RecipeSearchDataProvider.swift in Sources */,
				A47D8E4120DBBED500E59783 /* RecipeSearchViewController.swift in Sources */,
				A47D8E9E20DE219200E59783 /* RecipeDetailViewCotroller.swift in Sources */,
				A47D8E8220DBE64500E59783 /* RecipeDetail.swift in Sources */,
				A47D8E8920DCC32600E59783 /* RecipeDetailResponse.swift in Sources */,
				A47D8E9C20DE163D00E59783 /* APIResource+Recipes.swift in Sources */,
				A47D8EAF20DE831B00E59783 /* SearchHeaderView.swift in Sources */,
				A47D8EB120DE967600E59783 /* RequestToken.swift in Sources */,
				A47D8EA420DE408000E59783 /* RecipeHeaderView.swift in Sources */,
				A47D8E8B20DCD97D00E59783 /* URL+Recipes.swift in Sources */,
				A47D8E7D20DBDE6F00E59783 /* NetworkingError.swift in Sources */,
				A47D8E9920DE106900E59783 /* UIView+Extensions.swift in Sources */,
				A47D8E7C20DBDE6F00E59783 /* HTTPMethod.swift in Sources */,
				A47D8E9520DCEC4300E59783 /* RecipeSearchCoordinator.swift in Sources */,
				A47D8E7220DBC3E300E59783 /* String+Extensions.swift in Sources */,
				A47D8E7A20DBDE6E00E59783 /* APIResource.swift in Sources */,
				A47D8EA020DE21C900E59783 /* RecipeDetailDataProvider.swift in Sources */,
				A47D8E8020DBE57600E59783 /* RecipePreview.swift in Sources */,
				A47D8E7B20DBDE6E00E59783 /* APIService.swift in Sources */,
				A47D8E9720DE0FC800E59783 /* UIViewController+Extensions.swift in Sources */,
				A47D8E8E20DCDA0A00E59783 /* Constants.swift in Sources */,
				A47D8EA620DE409100E59783 /* RecipeFooterView.swift in Sources */,
				A47D8E8720DCC2FE00E59783 /* RecipeSearchResponse.swift in Sources */,
				A47D8E3F20DBBED500E59783 /* AppDelegate.swift in Sources */,
			);
			runOnlyForDeploymentPostprocessing = 0;
		};
		A47D8E4B20DBBED700E59783 /* Sources */ = {
			isa = PBXSourcesBuildPhase;
			buildActionMask = 2147483647;
			files = (
				A47D8E5420DBBED700E59783 /* RecipesTests.swift in Sources */,
			);
			runOnlyForDeploymentPostprocessing = 0;
		};
		A47D8E5620DBBED700E59783 /* Sources */ = {
			isa = PBXSourcesBuildPhase;
			buildActionMask = 2147483647;
			files = (
				A47D8E5F20DBBED700E59783 /* RecipesUITests.swift in Sources */,
			);
			runOnlyForDeploymentPostprocessing = 0;
		};
/* End PBXSourcesBuildPhase section */

/* Begin PBXTargetDependency section */
		A47D8E5120DBBED700E59783 /* PBXTargetDependency */ = {
			isa = PBXTargetDependency;
			target = A47D8E3A20DBBED500E59783 /* Recipes */;
			targetProxy = A47D8E5020DBBED700E59783 /* PBXContainerItemProxy */;
		};
		A47D8E5C20DBBED700E59783 /* PBXTargetDependency */ = {
			isa = PBXTargetDependency;
			target = A47D8E3A20DBBED500E59783 /* Recipes */;
			targetProxy = A47D8E5B20DBBED700E59783 /* PBXContainerItemProxy */;
		};
/* End PBXTargetDependency section */

/* Begin PBXVariantGroup section */
		A47D8E4720DBBED700E59783 /* LaunchScreen.storyboard */ = {
			isa = PBXVariantGroup;
			children = (
				A47D8E4820DBBED700E59783 /* Base */,
			);
			name = LaunchScreen.storyboard;
			sourceTree = "<group>";
		};
/* End PBXVariantGroup section */

/* Begin XCBuildConfiguration section */
		A47D8E6120DBBED700E59783 /* Debug */ = {
			isa = XCBuildConfiguration;
			buildSettings = {
				ALWAYS_SEARCH_USER_PATHS = NO;
				CLANG_ANALYZER_NONNULL = YES;
				CLANG_ANALYZER_NUMBER_OBJECT_CONVERSION = YES_AGGRESSIVE;
				CLANG_CXX_LANGUAGE_STANDARD = "gnu++14";
				CLANG_CXX_LIBRARY = "libc++";
				CLANG_ENABLE_MODULES = YES;
				CLANG_ENABLE_OBJC_ARC = YES;
				CLANG_ENABLE_OBJC_WEAK = YES;
				CLANG_WARN_BLOCK_CAPTURE_AUTORELEASING = YES;
				CLANG_WARN_BOOL_CONVERSION = YES;
				CLANG_WARN_COMMA = YES;
				CLANG_WARN_CONSTANT_CONVERSION = YES;
				CLANG_WARN_DEPRECATED_OBJC_IMPLEMENTATIONS = YES;
				CLANG_WARN_DIRECT_OBJC_ISA_USAGE = YES_ERROR;
				CLANG_WARN_DOCUMENTATION_COMMENTS = YES;
				CLANG_WARN_EMPTY_BODY = YES;
				CLANG_WARN_ENUM_CONVERSION = YES;
				CLANG_WARN_INFINITE_RECURSION = YES;
				CLANG_WARN_INT_CONVERSION = YES;
				CLANG_WARN_NON_LITERAL_NULL_CONVERSION = YES;
				CLANG_WARN_OBJC_IMPLICIT_RETAIN_SELF = YES;
				CLANG_WARN_OBJC_LITERAL_CONVERSION = YES;
				CLANG_WARN_OBJC_ROOT_CLASS = YES_ERROR;
				CLANG_WARN_RANGE_LOOP_ANALYSIS = YES;
				CLANG_WARN_STRICT_PROTOTYPES = YES;
				CLANG_WARN_SUSPICIOUS_MOVE = YES;
				CLANG_WARN_UNGUARDED_AVAILABILITY = YES_AGGRESSIVE;
				CLANG_WARN_UNREACHABLE_CODE = YES;
				CLANG_WARN__DUPLICATE_METHOD_MATCH = YES;
				CODE_SIGN_IDENTITY = "iPhone Developer";
				COPY_PHASE_STRIP = NO;
				DEBUG_INFORMATION_FORMAT = dwarf;
				ENABLE_STRICT_OBJC_MSGSEND = YES;
				ENABLE_TESTABILITY = YES;
				GCC_C_LANGUAGE_STANDARD = gnu11;
				GCC_DYNAMIC_NO_PIC = NO;
				GCC_NO_COMMON_BLOCKS = YES;
				GCC_OPTIMIZATION_LEVEL = 0;
				GCC_PREPROCESSOR_DEFINITIONS = (
					"DEBUG=1",
					"$(inherited)",
				);
				GCC_WARN_64_TO_32_BIT_CONVERSION = YES;
				GCC_WARN_ABOUT_RETURN_TYPE = YES_ERROR;
				GCC_WARN_UNDECLARED_SELECTOR = YES;
				GCC_WARN_UNINITIALIZED_AUTOS = YES_AGGRESSIVE;
				GCC_WARN_UNUSED_FUNCTION = YES;
				GCC_WARN_UNUSED_VARIABLE = YES;
				IPHONEOS_DEPLOYMENT_TARGET = 11.4;
				MTL_ENABLE_DEBUG_INFO = YES;
				ONLY_ACTIVE_ARCH = YES;
				SDKROOT = iphoneos;
				SWIFT_ACTIVE_COMPILATION_CONDITIONS = DEBUG;
				SWIFT_OPTIMIZATION_LEVEL = "-Onone";
			};
			name = Debug;
		};
		A47D8E6220DBBED700E59783 /* Release */ = {
			isa = XCBuildConfiguration;
			buildSettings = {
				ALWAYS_SEARCH_USER_PATHS = NO;
				CLANG_ANALYZER_NONNULL = YES;
				CLANG_ANALYZER_NUMBER_OBJECT_CONVERSION = YES_AGGRESSIVE;
				CLANG_CXX_LANGUAGE_STANDARD = "gnu++14";
				CLANG_CXX_LIBRARY = "libc++";
				CLANG_ENABLE_MODULES = YES;
				CLANG_ENABLE_OBJC_ARC = YES;
				CLANG_ENABLE_OBJC_WEAK = YES;
				CLANG_WARN_BLOCK_CAPTURE_AUTORELEASING = YES;
				CLANG_WARN_BOOL_CONVERSION = YES;
				CLANG_WARN_COMMA = YES;
				CLANG_WARN_CONSTANT_CONVERSION = YES;
				CLANG_WARN_DEPRECATED_OBJC_IMPLEMENTATIONS = YES;
				CLANG_WARN_DIRECT_OBJC_ISA_USAGE = YES_ERROR;
				CLANG_WARN_DOCUMENTATION_COMMENTS = YES;
				CLANG_WARN_EMPTY_BODY = YES;
				CLANG_WARN_ENUM_CONVERSION = YES;
				CLANG_WARN_INFINITE_RECURSION = YES;
				CLANG_WARN_INT_CONVERSION = YES;
				CLANG_WARN_NON_LITERAL_NULL_CONVERSION = YES;
				CLANG_WARN_OBJC_IMPLICIT_RETAIN_SELF = YES;
				CLANG_WARN_OBJC_LITERAL_CONVERSION = YES;
				CLANG_WARN_OBJC_ROOT_CLASS = YES_ERROR;
				CLANG_WARN_RANGE_LOOP_ANALYSIS = YES;
				CLANG_WARN_STRICT_PROTOTYPES = YES;
				CLANG_WARN_SUSPICIOUS_MOVE = YES;
				CLANG_WARN_UNGUARDED_AVAILABILITY = YES_AGGRESSIVE;
				CLANG_WARN_UNREACHABLE_CODE = YES;
				CLANG_WARN__DUPLICATE_METHOD_MATCH = YES;
				CODE_SIGN_IDENTITY = "iPhone Developer";
				COPY_PHASE_STRIP = NO;
				DEBUG_INFORMATION_FORMAT = "dwarf-with-dsym";
				ENABLE_NS_ASSERTIONS = NO;
				ENABLE_STRICT_OBJC_MSGSEND = YES;
				GCC_C_LANGUAGE_STANDARD = gnu11;
				GCC_NO_COMMON_BLOCKS = YES;
				GCC_WARN_64_TO_32_BIT_CONVERSION = YES;
				GCC_WARN_ABOUT_RETURN_TYPE = YES_ERROR;
				GCC_WARN_UNDECLARED_SELECTOR = YES;
				GCC_WARN_UNINITIALIZED_AUTOS = YES_AGGRESSIVE;
				GCC_WARN_UNUSED_FUNCTION = YES;
				GCC_WARN_UNUSED_VARIABLE = YES;
				IPHONEOS_DEPLOYMENT_TARGET = 11.4;
				MTL_ENABLE_DEBUG_INFO = NO;
				SDKROOT = iphoneos;
				SWIFT_COMPILATION_MODE = wholemodule;
				SWIFT_OPTIMIZATION_LEVEL = "-O";
				VALIDATE_PRODUCT = YES;
			};
			name = Release;
		};
		A47D8E6420DBBED700E59783 /* Debug */ = {
			isa = XCBuildConfiguration;
			buildSettings = {
				ASSETCATALOG_COMPILER_APPICON_NAME = AppIcon;
				CODE_SIGN_STYLE = Automatic;
				INFOPLIST_FILE = "Recipes/Supporting files/Info.plist";
				LD_RUNPATH_SEARCH_PATHS = (
					"$(inherited)",
					"@executable_path/Frameworks",
				);
				PRODUCT_BUNDLE_IDENTIFIER = com.nan.Recipes;
				PRODUCT_NAME = "$(TARGET_NAME)";
				SWIFT_VERSION = 4.0;
				TARGETED_DEVICE_FAMILY = 1;
			};
			name = Debug;
		};
		A47D8E6520DBBED700E59783 /* Release */ = {
			isa = XCBuildConfiguration;
			buildSettings = {
				ASSETCATALOG_COMPILER_APPICON_NAME = AppIcon;
				CODE_SIGN_STYLE = Automatic;
				INFOPLIST_FILE = "Recipes/Supporting files/Info.plist";
				LD_RUNPATH_SEARCH_PATHS = (
					"$(inherited)",
					"@executable_path/Frameworks",
				);
				PRODUCT_BUNDLE_IDENTIFIER = com.nan.Recipes;
				PRODUCT_NAME = "$(TARGET_NAME)";
				SWIFT_VERSION = 4.0;
				TARGETED_DEVICE_FAMILY = 1;
			};
			name = Release;
		};
		A47D8E6720DBBED700E59783 /* Debug */ = {
			isa = XCBuildConfiguration;
			buildSettings = {
				ALWAYS_EMBED_SWIFT_STANDARD_LIBRARIES = YES;
				BUNDLE_LOADER = "$(TEST_HOST)";
				CODE_SIGN_STYLE = Automatic;
				INFOPLIST_FILE = RecipesTests/Info.plist;
				LD_RUNPATH_SEARCH_PATHS = (
					"$(inherited)",
					"@executable_path/Frameworks",
					"@loader_path/Frameworks",
				);
				PRODUCT_BUNDLE_IDENTIFIER = com.nan.RecipesTests;
				PRODUCT_NAME = "$(TARGET_NAME)";
				SWIFT_VERSION = 4.0;
				TARGETED_DEVICE_FAMILY = "1,2";
				TEST_HOST = "$(BUILT_PRODUCTS_DIR)/Recipes.app/Recipes";
			};
			name = Debug;
		};
		A47D8E6820DBBED700E59783 /* Release */ = {
			isa = XCBuildConfiguration;
			buildSettings = {
				ALWAYS_EMBED_SWIFT_STANDARD_LIBRARIES = YES;
				BUNDLE_LOADER = "$(TEST_HOST)";
				CODE_SIGN_STYLE = Automatic;
				INFOPLIST_FILE = RecipesTests/Info.plist;
				LD_RUNPATH_SEARCH_PATHS = (
					"$(inherited)",
					"@executable_path/Frameworks",
					"@loader_path/Frameworks",
				);
				PRODUCT_BUNDLE_IDENTIFIER = com.nan.RecipesTests;
				PRODUCT_NAME = "$(TARGET_NAME)";
				SWIFT_VERSION = 4.0;
				TARGETED_DEVICE_FAMILY = "1,2";
				TEST_HOST = "$(BUILT_PRODUCTS_DIR)/Recipes.app/Recipes";
			};
			name = Release;
		};
		A47D8E6A20DBBED700E59783 /* Debug */ = {
			isa = XCBuildConfiguration;
			buildSettings = {
				ALWAYS_EMBED_SWIFT_STANDARD_LIBRARIES = YES;
				CODE_SIGN_STYLE = Automatic;
				INFOPLIST_FILE = RecipesUITests/Info.plist;
				LD_RUNPATH_SEARCH_PATHS = (
					"$(inherited)",
					"@executable_path/Frameworks",
					"@loader_path/Frameworks",
				);
				PRODUCT_BUNDLE_IDENTIFIER = com.nan.RecipesUITests;
				PRODUCT_NAME = "$(TARGET_NAME)";
				SWIFT_VERSION = 4.0;
				TARGETED_DEVICE_FAMILY = "1,2";
				TEST_TARGET_NAME = Recipes;
			};
			name = Debug;
		};
		A47D8E6B20DBBED700E59783 /* Release */ = {
			isa = XCBuildConfiguration;
			buildSettings = {
				ALWAYS_EMBED_SWIFT_STANDARD_LIBRARIES = YES;
				CODE_SIGN_STYLE = Automatic;
				INFOPLIST_FILE = RecipesUITests/Info.plist;
				LD_RUNPATH_SEARCH_PATHS = (
					"$(inherited)",
					"@executable_path/Frameworks",
					"@loader_path/Frameworks",
				);
				PRODUCT_BUNDLE_IDENTIFIER = com.nan.RecipesUITests;
				PRODUCT_NAME = "$(TARGET_NAME)";
				SWIFT_VERSION = 4.0;
				TARGETED_DEVICE_FAMILY = "1,2";
				TEST_TARGET_NAME = Recipes;
			};
			name = Release;
		};
/* End XCBuildConfiguration section */

/* Begin XCConfigurationList section */
		A47D8E3620DBBED500E59783 /* Build configuration list for PBXProject "Recipes" */ = {
			isa = XCConfigurationList;
			buildConfigurations = (
				A47D8E6120DBBED700E59783 /* Debug */,
				A47D8E6220DBBED700E59783 /* Release */,
			);
			defaultConfigurationIsVisible = 0;
			defaultConfigurationName = Release;
		};
		A47D8E6320DBBED700E59783 /* Build configuration list for PBXNativeTarget "Recipes" */ = {
			isa = XCConfigurationList;
			buildConfigurations = (
				A47D8E6420DBBED700E59783 /* Debug */,
				A47D8E6520DBBED700E59783 /* Release */,
			);
			defaultConfigurationIsVisible = 0;
			defaultConfigurationName = Release;
		};
		A47D8E6620DBBED700E59783 /* Build configuration list for PBXNativeTarget "RecipesTests" */ = {
			isa = XCConfigurationList;
			buildConfigurations = (
				A47D8E6720DBBED700E59783 /* Debug */,
				A47D8E6820DBBED700E59783 /* Release */,
			);
			defaultConfigurationIsVisible = 0;
			defaultConfigurationName = Release;
		};
		A47D8E6920DBBED700E59783 /* Build configuration list for PBXNativeTarget "RecipesUITests" */ = {
			isa = XCConfigurationList;
			buildConfigurations = (
				A47D8E6A20DBBED700E59783 /* Debug */,
				A47D8E6B20DBBED700E59783 /* Release */,
			);
			defaultConfigurationIsVisible = 0;
			defaultConfigurationName = Release;
		};
/* End XCConfigurationList section */
	};
	rootObject = A47D8E3320DBBED500E59783 /* Project object */;
}
